
Microsoft Visual Studio Solution File, Format Version 12.00
# TcXaeShell Solution File, Format Version 11.00
VisualStudioVersion = 15.0.33403.129
MinimumVisualStudioVersion = 10.0.40219.1
Project("{B1E792BE-AA5F-4E3C-8C82-674BF9C0715B}") = "Exercises_1", "Exercises_1\Exercises_1.tsproj", "{D25B00F9-EBA3-496F-BFC9-3D9455991CCD}"
EndProject
Global
	GlobalSection(SolutionConfigurationPlatforms) = preSolution
		Debug|TwinCAT CE7 (ARMV7) = Debug|TwinCAT CE7 (ARMV7)
		Debug|TwinCAT OS (ARMT2) = Debug|TwinCAT OS (ARMT2)
		Debug|TwinCAT RT (x64) = Debug|TwinCAT RT (x64)
		Debug|TwinCAT RT (x86) = Debug|TwinCAT RT (x86)
		Release|TwinCAT CE7 (ARMV7) = Release|TwinCAT CE7 (ARMV7)
		Release|TwinCAT OS (ARMT2) = Release|TwinCAT OS (ARMT2)
		Release|TwinCAT RT (x64) = Release|TwinCAT RT (x64)
		Release|TwinCAT RT (x86) = Release|TwinCAT RT (x86)
	EndGlobalSection
	GlobalSection(ProjectConfigurationPlatforms) = postSolution
		{D25B00F9-EBA3-496F-BFC9-3D9455991CCD}.Debug|TwinCAT CE7 (ARMV7).ActiveCfg = Debug|TwinCAT CE7 (ARMV7)
		{D25B00F9-EBA3-496F-BFC9-3D9455991CCD}.Debug|TwinCAT CE7 (ARMV7).Build.0 = Debug|TwinCAT CE7 (ARMV7)
		{D25B00F9-EBA3-496F-BFC9-3D9455991CCD}.Debug|TwinCAT OS (ARMT2).ActiveCfg = Debug|TwinCAT OS (ARMT2)
		{D25B00F9-EBA3-496F-BFC9-3D9455991CCD}.Debug|TwinCAT OS (ARMT2).Build.0 = Debug|TwinCAT OS (ARMT2)
		{D25B00F9-EBA3-496F-BFC9-3D9455991CCD}.Debug|TwinCAT RT (x64).ActiveCfg = Debug|TwinCAT RT (x64)
		{D25B00F9-EBA3-496F-BFC9-3D9455991CCD}.Debug|TwinCAT RT (x64).Build.0 = Debug|TwinCAT RT (x64)
		{D25B00F9-EBA3-496F-BFC9-3D9455991CCD}.Debug|TwinCAT RT (x86).ActiveCfg = Debug|TwinCAT RT (x86)
		{D25B00F9-EBA3-496F-BFC9-3D9455991CCD}.Debug|TwinCAT RT (x86).Build.0 = Debug|TwinCAT RT (x86)
		{D25B00F9-EBA3-496F-BFC9-3D9455991CCD}.Release|TwinCAT CE7 (ARMV7).ActiveCfg = Release|TwinCAT CE7 (ARMV7)
		{D25B00F9-EBA3-496F-BFC9-3D9455991CCD}.Release|TwinCAT CE7 (ARMV7).Build.0 = Release|TwinCAT CE7 (ARMV7)
		{D25B00F9-EBA3-496F-BFC9-3D9455991CCD}.Release|TwinCAT OS (ARMT2).ActiveCfg = Release|TwinCAT OS (ARMT2)
		{D25B00F9-EBA3-496F-BFC9-3D9455991CCD}.Release|TwinCAT OS (ARMT2).Build.0 = Release|TwinCAT OS (ARMT2)
		{D25B00F9-EBA3-496F-BFC9-3D9455991CCD}.Release|TwinCAT RT (x64).ActiveCfg = Release|TwinCAT RT (x64)
		{D25B00F9-EBA3-496F-BFC9-3D9455991CCD}.Release|TwinCAT RT (x64).Build.0 = Release|TwinCAT RT (x64)
		{D25B00F9-EBA3-496F-BFC9-3D9455991CCD}.Release|TwinCAT RT (x86).ActiveCfg = Release|TwinCAT RT (x86)
		{D25B00F9-EBA3-496F-BFC9-3D9455991CCD}.Release|TwinCAT RT (x86).Build.0 = Release|TwinCAT RT (x86)
		{D1B54615-5787-4A8A-A77F-056BA1BDDF12}.Debug|TwinCAT CE7 (ARMV7).ActiveCfg = Debug|TwinCAT CE7 (ARMV7)
		{D1B54615-5787-4A8A-A77F-056BA1BDDF12}.Debug|TwinCAT CE7 (ARMV7).Build.0 = Debug|TwinCAT CE7 (ARMV7)
		{D1B54615-5787-4A8A-A77F-056BA1BDDF12}.Debug|TwinCAT OS (ARMT2).ActiveCfg = Debug|TwinCAT OS (ARMT2)
		{D1B54615-5787-4A8A-A77F-056BA1BDDF12}.Debug|TwinCAT OS (ARMT2).Build.0 = Debug|TwinCAT OS (ARMT2)
		{D1B54615-5787-4A8A-A77F-056BA1BDDF12}.Debug|TwinCAT RT (x64).ActiveCfg = Debug|TwinCAT RT (x64)
		{D1B54615-5787-4A8A-A77F-056BA1BDDF12}.Debug|TwinCAT RT (x64).Build.0 = Debug|TwinCAT RT (x64)
		{D1B54615-5787-4A8A-A77F-056BA1BDDF12}.Debug|TwinCAT RT (x86).ActiveCfg = Debug|TwinCAT RT (x86)
		{D1B54615-5787-4A8A-A77F-056BA1BDDF12}.Debug|TwinCAT RT (x86).Build.0 = Debug|TwinCAT RT (x86)
		{D1B54615-5787-4A8A-A77F-056BA1BDDF12}.Release|TwinCAT CE7 (ARMV7).ActiveCfg = Release|TwinCAT CE7 (ARMV7)
		{D1B54615-5787-4A8A-A77F-056BA1BDDF12}.Release|TwinCAT CE7 (ARMV7).Build.0 = Release|TwinCAT CE7 (ARMV7)
		{D1B54615-5787-4A8A-A77F-056BA1BDDF12}.Release|TwinCAT OS (ARMT2).ActiveCfg = Release|TwinCAT OS (ARMT2)
		{D1B54615-5787-4A8A-A77F-056BA1BDDF12}.Release|TwinCAT OS (ARMT2).Build.0 = Release|TwinCAT OS (ARMT2)
		{D1B54615-5787-4A8A-A77F-056BA1BDDF12}.Release|TwinCAT RT (x64).ActiveCfg = Release|TwinCAT RT (x64)
		{D1B54615-5787-4A8A-A77F-056BA1BDDF12}.Release|TwinCAT RT (x64).Build.0 = Release|TwinCAT RT (x64)
		{D1B54615-5787-4A8A-A77F-056BA1BDDF12}.Release|TwinCAT RT (x86).ActiveCfg = Release|TwinCAT RT (x86)
		{D1B54615-5787-4A8A-A77F-056BA1BDDF12}.Release|TwinCAT RT (x86).Build.0 = Release|TwinCAT RT (x86)
		{052E3DCB-081A-49A1-8CE9-13EE0E71C3B1}.Debug|TwinCAT CE7 (ARMV7).ActiveCfg = Debug|TwinCAT CE7 (ARMV7)
		{052E3DCB-081A-49A1-8CE9-13EE0E71C3B1}.Debug|TwinCAT CE7 (ARMV7).Build.0 = Debug|TwinCAT CE7 (ARMV7)
		{052E3DCB-081A-49A1-8CE9-13EE0E71C3B1}.Debug|TwinCAT OS (ARMT2).ActiveCfg = Debug|TwinCAT OS (ARMT2)
		{052E3DCB-081A-49A1-8CE9-13EE0E71C3B1}.Debug|TwinCAT OS (ARMT2).Build.0 = Debug|TwinCAT OS (ARMT2)
		{052E3DCB-081A-49A1-8CE9-13EE0E71C3B1}.Debug|TwinCAT RT (x64).ActiveCfg = Debug|TwinCAT RT (x64)
		{052E3DCB-081A-49A1-8CE9-13EE0E71C3B1}.Debug|TwinCAT RT (x64).Build.0 = Debug|TwinCAT RT (x64)
		{052E3DCB-081A-49A1-8CE9-13EE0E71C3B1}.Debug|TwinCAT RT (x86).ActiveCfg = Debug|TwinCAT RT (x86)
		{052E3DCB-081A-49A1-8CE9-13EE0E71C3B1}.Debug|TwinCAT RT (x86).Build.0 = Debug|TwinCAT RT (x86)
		{052E3DCB-081A-49A1-8CE9-13EE0E71C3B1}.Release|TwinCAT CE7 (ARMV7).ActiveCfg = Release|TwinCAT CE7 (ARMV7)
		{052E3DCB-081A-49A1-8CE9-13EE0E71C3B1}.Release|TwinCAT CE7 (ARMV7).Build.0 = Release|TwinCAT CE7 (ARMV7)
		{052E3DCB-081A-49A1-8CE9-13EE0E71C3B1}.Release|TwinCAT OS (ARMT2).ActiveCfg = Release|TwinCAT OS (ARMT2)
		{052E3DCB-081A-49A1-8CE9-13EE0E71C3B1}.Release|TwinCAT OS (ARMT2).Build.0 = Release|TwinCAT OS (ARMT2)
		{052E3DCB-081A-49A1-8CE9-13EE0E71C3B1}.Release|TwinCAT RT (x64).ActiveCfg = Release|TwinCAT RT (x64)
		{052E3DCB-081A-49A1-8CE9-13EE0E71C3B1}.Release|TwinCAT RT (x64).Build.0 = Release|TwinCAT RT (x64)
		{052E3DCB-081A-49A1-8CE9-13EE0E71C3B1}.Release|TwinCAT RT (x86).ActiveCfg = Release|TwinCAT RT (x86)
		{052E3DCB-081A-49A1-8CE9-13EE0E71C3B1}.Release|TwinCAT RT (x86).Build.0 = Release|TwinCAT RT (x86)
		{87B6100B-46FD-4351-B444-A438666CA586}.Debug|TwinCAT CE7 (ARMV7).ActiveCfg = Debug|TwinCAT CE7 (ARMV7)
		{87B6100B-46FD-4351-B444-A438666CA586}.Debug|TwinCAT CE7 (ARMV7).Build.0 = Debug|TwinCAT CE7 (ARMV7)
		{87B6100B-46FD-4351-B444-A438666CA586}.Debug|TwinCAT OS (ARMT2).ActiveCfg = Debug|TwinCAT OS (ARMT2)
		{87B6100B-46FD-4351-B444-A438666CA586}.Debug|TwinCAT OS (ARMT2).Build.0 = Debug|TwinCAT OS (ARMT2)
		{87B6100B-46FD-4351-B444-A438666CA586}.Debug|TwinCAT RT (x64).ActiveCfg = Debug|TwinCAT RT (x64)
		{87B6100B-46FD-4351-B444-A438666CA586}.Debug|TwinCAT RT (x64).Build.0 = Debug|TwinCAT RT (x64)
		{87B6100B-46FD-4351-B444-A438666CA586}.Debug|TwinCAT RT (x86).ActiveCfg = Debug|TwinCAT RT (x86)
		{87B6100B-46FD-4351-B444-A438666CA586}.Debug|TwinCAT RT (x86).Build.0 = Debug|TwinCAT RT (x86)
		{87B6100B-46FD-4351-B444-A438666CA586}.Release|TwinCAT CE7 (ARMV7).ActiveCfg = Release|TwinCAT CE7 (ARMV7)
		{87B6100B-46FD-4351-B444-A438666CA586}.Release|TwinCAT CE7 (ARMV7).Build.0 = Release|TwinCAT CE7 (ARMV7)
		{87B6100B-46FD-4351-B444-A438666CA586}.Release|TwinCAT OS (ARMT2).ActiveCfg = Release|TwinCAT OS (ARMT2)
		{87B6100B-46FD-4351-B444-A438666CA586}.Release|TwinCAT OS (ARMT2).Build.0 = Release|TwinCAT OS (ARMT2)
		{87B6100B-46FD-4351-B444-A438666CA586}.Release|TwinCAT RT (x64).ActiveCfg = Release|TwinCAT RT (x64)
		{87B6100B-46FD-4351-B444-A438666CA586}.Release|TwinCAT RT (x64).Build.0 = Release|TwinCAT RT (x64)
		{87B6100B-46FD-4351-B444-A438666CA586}.Release|TwinCAT RT (x86).ActiveCfg = Release|TwinCAT RT (x86)
		{87B6100B-46FD-4351-B444-A438666CA586}.Release|TwinCAT RT (x86).Build.0 = Release|TwinCAT RT (x86)
		{D8E1327C-3AB8-435A-B4CC-2B704F697414}.Debug|TwinCAT CE7 (ARMV7).ActiveCfg = Debug|TwinCAT CE7 (ARMV7)
		{D8E1327C-3AB8-435A-B4CC-2B704F697414}.Debug|TwinCAT CE7 (ARMV7).Build.0 = Debug|TwinCAT CE7 (ARMV7)
		{D8E1327C-3AB8-435A-B4CC-2B704F697414}.Debug|TwinCAT OS (ARMT2).ActiveCfg = Debug|TwinCAT OS (ARMT2)
		{D8E1327C-3AB8-435A-B4CC-2B704F697414}.Debug|TwinCAT OS (ARMT2).Build.0 = Debug|TwinCAT OS (ARMT2)
		{D8E1327C-3AB8-435A-B4CC-2B704F697414}.Debug|TwinCAT RT (x64).ActiveCfg = Debug|TwinCAT RT (x64)
		{D8E1327C-3AB8-435A-B4CC-2B704F697414}.Debug|TwinCAT RT (x64).Build.0 = Debug|TwinCAT RT (x64)
		{D8E1327C-3AB8-435A-B4CC-2B704F697414}.Debug|TwinCAT RT (x86).ActiveCfg = Debug|TwinCAT RT (x86)
		{D8E1327C-3AB8-435A-B4CC-2B704F697414}.Debug|TwinCAT RT (x86).Build.0 = Debug|TwinCAT RT (x86)
		{D8E1327C-3AB8-435A-B4CC-2B704F697414}.Release|TwinCAT CE7 (ARMV7).ActiveCfg = Release|TwinCAT CE7 (ARMV7)
		{D8E1327C-3AB8-435A-B4CC-2B704F697414}.Release|TwinCAT CE7 (ARMV7).Build.0 = Release|TwinCAT CE7 (ARMV7)
		{D8E1327C-3AB8-435A-B4CC-2B704F697414}.Release|TwinCAT OS (ARMT2).ActiveCfg = Release|TwinCAT OS (ARMT2)
		{D8E1327C-3AB8-435A-B4CC-2B704F697414}.Release|TwinCAT OS (ARMT2).Build.0 = Release|TwinCAT OS (ARMT2)
		{D8E1327C-3AB8-435A-B4CC-2B704F697414}.Release|TwinCAT RT (x64).ActiveCfg = Release|TwinCAT RT (x64)
		{D8E1327C-3AB8-435A-B4CC-2B704F697414}.Release|TwinCAT RT (x64).Build.0 = Release|TwinCAT RT (x64)
		{D8E1327C-3AB8-435A-B4CC-2B704F697414}.Release|TwinCAT RT (x86).ActiveCfg = Release|TwinCAT RT (x86)
		{D8E1327C-3AB8-435A-B4CC-2B704F697414}.Release|TwinCAT RT (x86).Build.0 = Release|TwinCAT RT (x86)
		{3BDD0B1F-5683-4033-A8DA-256BE38BE3E8}.Debug|TwinCAT CE7 (ARMV7).ActiveCfg = Debug|TwinCAT CE7 (ARMV7)
		{3BDD0B1F-5683-4033-A8DA-256BE38BE3E8}.Debug|TwinCAT CE7 (ARMV7).Build.0 = Debug|TwinCAT CE7 (ARMV7)
		{3BDD0B1F-5683-4033-A8DA-256BE38BE3E8}.Debug|TwinCAT OS (ARMT2).ActiveCfg = Debug|TwinCAT OS (ARMT2)
		{3BDD0B1F-5683-4033-A8DA-256BE38BE3E8}.Debug|TwinCAT OS (ARMT2).Build.0 = Debug|TwinCAT OS (ARMT2)
		{3BDD0B1F-5683-4033-A8DA-256BE38BE3E8}.Debug|TwinCAT RT (x64).ActiveCfg = Debug|TwinCAT RT (x64)
		{3BDD0B1F-5683-4033-A8DA-256BE38BE3E8}.Debug|TwinCAT RT (x64).Build.0 = Debug|TwinCAT RT (x64)
		{3BDD0B1F-5683-4033-A8DA-256BE38BE3E8}.Debug|TwinCAT RT (x86).ActiveCfg = Debug|TwinCAT RT (x86)
		{3BDD0B1F-5683-4033-A8DA-256BE38BE3E8}.Debug|TwinCAT RT (x86).Build.0 = Debug|TwinCAT RT (x86)
		{3BDD0B1F-5683-4033-A8DA-256BE38BE3E8}.Release|TwinCAT CE7 (ARMV7).ActiveCfg = Release|TwinCAT CE7 (ARMV7)
		{3BDD0B1F-5683-4033-A8DA-256BE38BE3E8}.Release|TwinCAT CE7 (ARMV7).Build.0 = Release|TwinCAT CE7 (ARMV7)
		{3BDD0B1F-5683-4033-A8DA-256BE38BE3E8}.Release|TwinCAT OS (ARMT2).ActiveCfg = Release|TwinCAT OS (ARMT2)
		{3BDD0B1F-5683-4033-A8DA-256BE38BE3E8}.Release|TwinCAT OS (ARMT2).Build.0 = Release|TwinCAT OS (ARMT2)
		{3BDD0B1F-5683-4033-A8DA-256BE38BE3E8}.Release|TwinCAT RT (x64).ActiveCfg = Release|TwinCAT RT (x64)
		{3BDD0B1F-5683-4033-A8DA-256BE38BE3E8}.Release|TwinCAT RT (x64).Build.0 = Release|TwinCAT RT (x64)
		{3BDD0B1F-5683-4033-A8DA-256BE38BE3E8}.Release|TwinCAT RT (x86).ActiveCfg = Release|TwinCAT RT (x86)
		{3BDD0B1F-5683-4033-A8DA-256BE38BE3E8}.Release|TwinCAT RT (x86).Build.0 = Release|TwinCAT RT (x86)
		{C48062B0-477D-4C5D-A452-5072F1929B79}.Debug|TwinCAT CE7 (ARMV7).ActiveCfg = Debug|TwinCAT CE7 (ARMV7)
		{C48062B0-477D-4C5D-A452-5072F1929B79}.Debug|TwinCAT CE7 (ARMV7).Build.0 = Debug|TwinCAT CE7 (ARMV7)
		{C48062B0-477D-4C5D-A452-5072F1929B79}.Debug|TwinCAT OS (ARMT2).ActiveCfg = Debug|TwinCAT OS (ARMT2)
		{C48062B0-477D-4C5D-A452-5072F1929B79}.Debug|TwinCAT OS (ARMT2).Build.0 = Debug|TwinCAT OS (ARMT2)
		{C48062B0-477D-4C5D-A452-5072F1929B79}.Debug|TwinCAT RT (x64).ActiveCfg = Debug|TwinCAT RT (x64)
		{C48062B0-477D-4C5D-A452-5072F1929B79}.Debug|TwinCAT RT (x64).Build.0 = Debug|TwinCAT RT (x64)
		{C48062B0-477D-4C5D-A452-5072F1929B79}.Debug|TwinCAT RT (x86).ActiveCfg = Debug|TwinCAT RT (x86)
		{C48062B0-477D-4C5D-A452-5072F1929B79}.Debug|TwinCAT RT (x86).Build.0 = Debug|TwinCAT RT (x86)
		{C48062B0-477D-4C5D-A452-5072F1929B79}.Release|TwinCAT CE7 (ARMV7).ActiveCfg = Release|TwinCAT CE7 (ARMV7)
		{C48062B0-477D-4C5D-A452-5072F1929B79}.Release|TwinCAT CE7 (ARMV7).Build.0 = Release|TwinCAT CE7 (ARMV7)
		{C48062B0-477D-4C5D-A452-5072F1929B79}.Release|TwinCAT OS (ARMT2).ActiveCfg = Release|TwinCAT OS (ARMT2)
		{C48062B0-477D-4C5D-A452-5072F1929B79}.Release|TwinCAT OS (ARMT2).Build.0 = Release|TwinCAT OS (ARMT2)
		{C48062B0-477D-4C5D-A452-5072F1929B79}.Release|TwinCAT RT (x64).ActiveCfg = Release|TwinCAT RT (x64)
		{C48062B0-477D-4C5D-A452-5072F1929B79}.Release|TwinCAT RT (x64).Build.0 = Release|TwinCAT RT (x64)
		{C48062B0-477D-4C5D-A452-5072F1929B79}.Release|TwinCAT RT (x86).ActiveCfg = Release|TwinCAT RT (x86)
		{C48062B0-477D-4C5D-A452-5072F1929B79}.Release|TwinCAT RT (x86).Build.0 = Release|TwinCAT RT (x86)
		{81D5B967-189C-40E2-9759-DFA92322C96D}.Debug|TwinCAT CE7 (ARMV7).ActiveCfg = Debug|TwinCAT CE7 (ARMV7)
		{81D5B967-189C-40E2-9759-DFA92322C96D}.Debug|TwinCAT CE7 (ARMV7).Build.0 = Debug|TwinCAT CE7 (ARMV7)
		{81D5B967-189C-40E2-9759-DFA92322C96D}.Debug|TwinCAT OS (ARMT2).ActiveCfg = Debug|TwinCAT OS (ARMT2)
		{81D5B967-189C-40E2-9759-DFA92322C96D}.Debug|TwinCAT OS (ARMT2).Build.0 = Debug|TwinCAT OS (ARMT2)
		{81D5B967-189C-40E2-9759-DFA92322C96D}.Debug|TwinCAT RT (x64).ActiveCfg = Debug|TwinCAT RT (x64)
		{81D5B967-189C-40E2-9759-DFA92322C96D}.Debug|TwinCAT RT (x64).Build.0 = Debug|TwinCAT RT (x64)
		{81D5B967-189C-40E2-9759-DFA92322C96D}.Debug|TwinCAT RT (x86).ActiveCfg = Debug|TwinCAT RT (x86)
		{81D5B967-189C-40E2-9759-DFA92322C96D}.Debug|TwinCAT RT (x86).Build.0 = Debug|TwinCAT RT (x86)
		{81D5B967-189C-40E2-9759-DFA92322C96D}.Release|TwinCAT CE7 (ARMV7).ActiveCfg = Release|TwinCAT CE7 (ARMV7)
		{81D5B967-189C-40E2-9759-DFA92322C96D}.Release|TwinCAT CE7 (ARMV7).Build.0 = Release|TwinCAT CE7 (ARMV7)
		{81D5B967-189C-40E2-9759-DFA92322C96D}.Release|TwinCAT OS (ARMT2).ActiveCfg = Release|TwinCAT OS (ARMT2)
		{81D5B967-189C-40E2-9759-DFA92322C96D}.Release|TwinCAT OS (ARMT2).Build.0 = Release|TwinCAT OS (ARMT2)
		{81D5B967-189C-40E2-9759-DFA92322C96D}.Release|TwinCAT RT (x64).ActiveCfg = Release|TwinCAT RT (x64)
		{81D5B967-189C-40E2-9759-DFA92322C96D}.Release|TwinCAT RT (x64).Build.0 = Release|TwinCAT RT (x64)
		{81D5B967-189C-40E2-9759-DFA92322C96D}.Release|TwinCAT RT (x86).ActiveCfg = Release|TwinCAT RT (x86)
		{81D5B967-189C-40E2-9759-DFA92322C96D}.Release|TwinCAT RT (x86).Build.0 = Release|TwinCAT RT (x86)
		{0F22E650-A954-4150-9A7B-8E699230AD27}.Debug|TwinCAT CE7 (ARMV7).ActiveCfg = Debug|TwinCAT CE7 (ARMV7)
		{0F22E650-A954-4150-9A7B-8E699230AD27}.Debug|TwinCAT CE7 (ARMV7).Build.0 = Debug|TwinCAT CE7 (ARMV7)
		{0F22E650-A954-4150-9A7B-8E699230AD27}.Debug|TwinCAT OS (ARMT2).ActiveCfg = Debug|TwinCAT OS (ARMT2)
		{0F22E650-A954-4150-9A7B-8E699230AD27}.Debug|TwinCAT OS (ARMT2).Build.0 = Debug|TwinCAT OS (ARMT2)
		{0F22E650-A954-4150-9A7B-8E699230AD27}.Debug|TwinCAT RT (x64).ActiveCfg = Debug|TwinCAT RT (x64)
		{0F22E650-A954-4150-9A7B-8E699230AD27}.Debug|TwinCAT RT (x64).Build.0 = Debug|TwinCAT RT (x64)
		{0F22E650-A954-4150-9A7B-8E699230AD27}.Debug|TwinCAT RT (x86).ActiveCfg = Debug|TwinCAT RT (x86)
		{0F22E650-A954-4150-9A7B-8E699230AD27}.Debug|TwinCAT RT (x86).Build.0 = Debug|TwinCAT RT (x86)
		{0F22E650-A954-4150-9A7B-8E699230AD27}.Release|TwinCAT CE7 (ARMV7).ActiveCfg = Release|TwinCAT CE7 (ARMV7)
		{0F22E650-A954-4150-9A7B-8E699230AD27}.Release|TwinCAT CE7 (ARMV7).Build.0 = Release|TwinCAT CE7 (ARMV7)
		{0F22E650-A954-4150-9A7B-8E699230AD27}.Release|TwinCAT OS (ARMT2).ActiveCfg = Release|TwinCAT OS (ARMT2)
		{0F22E650-A954-4150-9A7B-8E699230AD27}.Release|TwinCAT OS (ARMT2).Build.0 = Release|TwinCAT OS (ARMT2)
		{0F22E650-A954-4150-9A7B-8E699230AD27}.Release|TwinCAT RT (x64).ActiveCfg = Release|TwinCAT RT (x64)
		{0F22E650-A954-4150-9A7B-8E699230AD27}.Release|TwinCAT RT (x64).Build.0 = Release|TwinCAT RT (x64)
		{0F22E650-A954-4150-9A7B-8E699230AD27}.Release|TwinCAT RT (x86).ActiveCfg = Release|TwinCAT RT (x86)
		{0F22E650-A954-4150-9A7B-8E699230AD27}.Release|TwinCAT RT (x86).Build.0 = Release|TwinCAT RT (x86)
		{6649ADAB-7B9F-42F3-A946-A0B2D9B4CFBF}.Debug|TwinCAT CE7 (ARMV7).ActiveCfg = Debug|TwinCAT CE7 (ARMV7)
		{6649ADAB-7B9F-42F3-A946-A0B2D9B4CFBF}.Debug|TwinCAT CE7 (ARMV7).Build.0 = Debug|TwinCAT CE7 (ARMV7)
		{6649ADAB-7B9F-42F3-A946-A0B2D9B4CFBF}.Debug|TwinCAT OS (ARMT2).ActiveCfg = Debug|TwinCAT OS (ARMT2)
		{6649ADAB-7B9F-42F3-A946-A0B2D9B4CFBF}.Debug|TwinCAT OS (ARMT2).Build.0 = Debug|TwinCAT OS (ARMT2)
		{6649ADAB-7B9F-42F3-A946-A0B2D9B4CFBF}.Debug|TwinCAT RT (x64).ActiveCfg = Debug|TwinCAT RT (x64)
		{6649ADAB-7B9F-42F3-A946-A0B2D9B4CFBF}.Debug|TwinCAT RT (x64).Build.0 = Debug|TwinCAT RT (x64)
		{6649ADAB-7B9F-42F3-A946-A0B2D9B4CFBF}.Debug|TwinCAT RT (x86).ActiveCfg = Debug|TwinCAT RT (x86)
		{6649ADAB-7B9F-42F3-A946-A0B2D9B4CFBF}.Debug|TwinCAT RT (x86).Build.0 = Debug|TwinCAT RT (x86)
		{6649ADAB-7B9F-42F3-A946-A0B2D9B4CFBF}.Release|TwinCAT CE7 (ARMV7).ActiveCfg = Release|TwinCAT CE7 (ARMV7)
		{6649ADAB-7B9F-42F3-A946-A0B2D9B4CFBF}.Release|TwinCAT CE7 (ARMV7).Build.0 = Release|TwinCAT CE7 (ARMV7)
		{6649ADAB-7B9F-42F3-A946-A0B2D9B4CFBF}.Release|TwinCAT OS (ARMT2).ActiveCfg = Release|TwinCAT OS (ARMT2)
		{6649ADAB-7B9F-42F3-A946-A0B2D9B4CFBF}.Release|TwinCAT OS (ARMT2).Build.0 = Release|TwinCAT OS (ARMT2)
		{6649ADAB-7B9F-42F3-A946-A0B2D9B4CFBF}.Release|TwinCAT RT (x64).ActiveCfg = Release|TwinCAT RT (x64)
		{6649ADAB-7B9F-42F3-A946-A0B2D9B4CFBF}.Release|TwinCAT RT (x64).Build.0 = Release|TwinCAT RT (x64)
		{6649ADAB-7B9F-42F3-A946-A0B2D9B4CFBF}.Release|TwinCAT RT (x86).ActiveCfg = Release|TwinCAT RT (x86)
		{6649ADAB-7B9F-42F3-A946-A0B2D9B4CFBF}.Release|TwinCAT RT (x86).Build.0 = Release|TwinCAT RT (x86)
		{790D4C9C-8A16-45B3-B543-6A30521A822A}.Debug|TwinCAT CE7 (ARMV7).ActiveCfg = Debug|TwinCAT CE7 (ARMV7)
		{790D4C9C-8A16-45B3-B543-6A30521A822A}.Debug|TwinCAT CE7 (ARMV7).Build.0 = Debug|TwinCAT CE7 (ARMV7)
		{790D4C9C-8A16-45B3-B543-6A30521A822A}.Debug|TwinCAT OS (ARMT2).ActiveCfg = Debug|TwinCAT OS (ARMT2)
		{790D4C9C-8A16-45B3-B543-6A30521A822A}.Debug|TwinCAT OS (ARMT2).Build.0 = Debug|TwinCAT OS (ARMT2)
		{790D4C9C-8A16-45B3-B543-6A30521A822A}.Debug|TwinCAT RT (x64).ActiveCfg = Debug|TwinCAT RT (x64)
		{790D4C9C-8A16-45B3-B543-6A30521A822A}.Debug|TwinCAT RT (x64).Build.0 = Debug|TwinCAT RT (x64)
		{790D4C9C-8A16-45B3-B543-6A30521A822A}.Debug|TwinCAT RT (x86).ActiveCfg = Debug|TwinCAT RT (x86)
		{790D4C9C-8A16-45B3-B543-6A30521A822A}.Debug|TwinCAT RT (x86).Build.0 = Debug|TwinCAT RT (x86)
		{790D4C9C-8A16-45B3-B543-6A30521A822A}.Release|TwinCAT CE7 (ARMV7).ActiveCfg = Release|TwinCAT CE7 (ARMV7)
		{790D4C9C-8A16-45B3-B543-6A30521A822A}.Release|TwinCAT CE7 (ARMV7).Build.0 = Release|TwinCAT CE7 (ARMV7)
		{790D4C9C-8A16-45B3-B543-6A30521A822A}.Release|TwinCAT OS (ARMT2).ActiveCfg = Release|TwinCAT OS (ARMT2)
		{790D4C9C-8A16-45B3-B543-6A30521A822A}.Release|TwinCAT OS (ARMT2).Build.0 = Release|TwinCAT OS (ARMT2)
		{790D4C9C-8A16-45B3-B543-6A30521A822A}.Release|TwinCAT RT (x64).ActiveCfg = Release|TwinCAT RT (x64)
		{790D4C9C-8A16-45B3-B543-6A30521A822A}.Release|TwinCAT RT (x64).Build.0 = Release|TwinCAT RT (x64)
		{790D4C9C-8A16-45B3-B543-6A30521A822A}.Release|TwinCAT RT (x86).ActiveCfg = Release|TwinCAT RT (x86)
		{790D4C9C-8A16-45B3-B543-6A30521A822A}.Release|TwinCAT RT (x86).Build.0 = Release|TwinCAT RT (x86)
	EndGlobalSection
	GlobalSection(SolutionProperties) = preSolution
		HideSolutionNode = FALSE
	EndGlobalSection
	GlobalSection(ExtensibilityGlobals) = postSolution
		SolutionGuid = {487A7C70-53C3-42E4-851A-5E5D6901BD8A}
	EndGlobalSection
EndGlobal
