
Microsoft Visual Studio Solution File, Format Version 12.00
# TcXaeShell Solution File, Format Version 11.00
VisualStudioVersion = 15.0.33403.129
MinimumVisualStudioVersion = 10.0.40219.1
Project("{B1E792BE-AA5F-4E3C-8C82-674BF9C0715B}") = "Exercises_1", "Exercises_1\Exercises_1.tsproj", "{FB9F581E-E5CF-4C5E-8723-4BD2A26263B2}"
EndProject
Global
	GlobalSection(SolutionConfigurationPlatforms) = preSolution
		Debug|TwinCAT CE7 (ARMV7) = Debug|TwinCAT CE7 (ARMV7)
		Debug|TwinCAT OS (ARMT2) = Debug|TwinCAT OS (ARMT2)
		Debug|TwinCAT RT (x64) = Debug|TwinCAT RT (x64)
		Debug|TwinCAT RT (x86) = Debug|TwinCAT RT (x86)
		Release|TwinCAT CE7 (ARMV7) = Release|TwinCAT CE7 (ARMV7)
		Release|TwinCAT OS (ARMT2) = Release|TwinCAT OS (ARMT2)
		Release|TwinCAT RT (x64) = Release|TwinCAT RT (x64)
		Release|TwinCAT RT (x86) = Release|TwinCAT RT (x86)
	EndGlobalSection
	GlobalSection(ProjectConfigurationPlatforms) = postSolution
		{FB9F581E-E5CF-4C5E-8723-4BD2A26263B2}.Debug|TwinCAT CE7 (ARMV7).ActiveCfg = Debug|TwinCAT CE7 (ARMV7)
		{FB9F581E-E5CF-4C5E-8723-4BD2A26263B2}.Debug|TwinCAT CE7 (ARMV7).Build.0 = Debug|TwinCAT CE7 (ARMV7)
		{FB9F581E-E5CF-4C5E-8723-4BD2A26263B2}.Debug|TwinCAT OS (ARMT2).ActiveCfg = Debug|TwinCAT OS (ARMT2)
		{FB9F581E-E5CF-4C5E-8723-4BD2A26263B2}.Debug|TwinCAT OS (ARMT2).Build.0 = Debug|TwinCAT OS (ARMT2)
		{FB9F581E-E5CF-4C5E-8723-4BD2A26263B2}.Debug|TwinCAT RT (x64).ActiveCfg = Debug|TwinCAT RT (x64)
		{FB9F581E-E5CF-4C5E-8723-4BD2A26263B2}.Debug|TwinCAT RT (x64).Build.0 = Debug|TwinCAT RT (x64)
		{FB9F581E-E5CF-4C5E-8723-4BD2A26263B2}.Debug|TwinCAT RT (x86).ActiveCfg = Debug|TwinCAT RT (x86)
		{FB9F581E-E5CF-4C5E-8723-4BD2A26263B2}.Debug|TwinCAT RT (x86).Build.0 = Debug|TwinCAT RT (x86)
		{FB9F581E-E5CF-4C5E-8723-4BD2A26263B2}.Release|TwinCAT CE7 (ARMV7).ActiveCfg = Release|TwinCAT CE7 (ARMV7)
		{FB9F581E-E5CF-4C5E-8723-4BD2A26263B2}.Release|TwinCAT CE7 (ARMV7).Build.0 = Release|TwinCAT CE7 (ARMV7)
		{FB9F581E-E5CF-4C5E-8723-4BD2A26263B2}.Release|TwinCAT OS (ARMT2).ActiveCfg = Release|TwinCAT OS (ARMT2)
		{FB9F581E-E5CF-4C5E-8723-4BD2A26263B2}.Release|TwinCAT OS (ARMT2).Build.0 = Release|TwinCAT OS (ARMT2)
		{FB9F581E-E5CF-4C5E-8723-4BD2A26263B2}.Release|TwinCAT RT (x64).ActiveCfg = Release|TwinCAT RT (x64)
		{FB9F581E-E5CF-4C5E-8723-4BD2A26263B2}.Release|TwinCAT RT (x64).Build.0 = Release|TwinCAT RT (x64)
		{FB9F581E-E5CF-4C5E-8723-4BD2A26263B2}.Release|TwinCAT RT (x86).ActiveCfg = Release|TwinCAT RT (x86)
		{FB9F581E-E5CF-4C5E-8723-4BD2A26263B2}.Release|TwinCAT RT (x86).Build.0 = Release|TwinCAT RT (x86)
		{4DF296FB-D6E9-49CC-9C4F-A6A7DD8A5DDF}.Debug|TwinCAT CE7 (ARMV7).ActiveCfg = Debug|TwinCAT CE7 (ARMV7)
		{4DF296FB-D6E9-49CC-9C4F-A6A7DD8A5DDF}.Debug|TwinCAT CE7 (ARMV7).Build.0 = Debug|TwinCAT CE7 (ARMV7)
		{4DF296FB-D6E9-49CC-9C4F-A6A7DD8A5DDF}.Debug|TwinCAT OS (ARMT2).ActiveCfg = Debug|TwinCAT OS (ARMT2)
		{4DF296FB-D6E9-49CC-9C4F-A6A7DD8A5DDF}.Debug|TwinCAT OS (ARMT2).Build.0 = Debug|TwinCAT OS (ARMT2)
		{4DF296FB-D6E9-49CC-9C4F-A6A7DD8A5DDF}.Debug|TwinCAT RT (x64).ActiveCfg = Debug|TwinCAT RT (x64)
		{4DF296FB-D6E9-49CC-9C4F-A6A7DD8A5DDF}.Debug|TwinCAT RT (x64).Build.0 = Debug|TwinCAT RT (x64)
		{4DF296FB-D6E9-49CC-9C4F-A6A7DD8A5DDF}.Debug|TwinCAT RT (x86).ActiveCfg = Debug|TwinCAT RT (x86)
		{4DF296FB-D6E9-49CC-9C4F-A6A7DD8A5DDF}.Debug|TwinCAT RT (x86).Build.0 = Debug|TwinCAT RT (x86)
		{4DF296FB-D6E9-49CC-9C4F-A6A7DD8A5DDF}.Release|TwinCAT CE7 (ARMV7).ActiveCfg = Release|TwinCAT CE7 (ARMV7)
		{4DF296FB-D6E9-49CC-9C4F-A6A7DD8A5DDF}.Release|TwinCAT CE7 (ARMV7).Build.0 = Release|TwinCAT CE7 (ARMV7)
		{4DF296FB-D6E9-49CC-9C4F-A6A7DD8A5DDF}.Release|TwinCAT OS (ARMT2).ActiveCfg = Release|TwinCAT OS (ARMT2)
		{4DF296FB-D6E9-49CC-9C4F-A6A7DD8A5DDF}.Release|TwinCAT OS (ARMT2).Build.0 = Release|TwinCAT OS (ARMT2)
		{4DF296FB-D6E9-49CC-9C4F-A6A7DD8A5DDF}.Release|TwinCAT RT (x64).ActiveCfg = Release|TwinCAT RT (x64)
		{4DF296FB-D6E9-49CC-9C4F-A6A7DD8A5DDF}.Release|TwinCAT RT (x64).Build.0 = Release|TwinCAT RT (x64)
		{4DF296FB-D6E9-49CC-9C4F-A6A7DD8A5DDF}.Release|TwinCAT RT (x86).ActiveCfg = Release|TwinCAT RT (x86)
		{4DF296FB-D6E9-49CC-9C4F-A6A7DD8A5DDF}.Release|TwinCAT RT (x86).Build.0 = Release|TwinCAT RT (x86)
		{C62BFD28-7BA2-41F8-87C7-C8E03F3AA955}.Debug|TwinCAT CE7 (ARMV7).ActiveCfg = Debug|TwinCAT CE7 (ARMV7)
		{C62BFD28-7BA2-41F8-87C7-C8E03F3AA955}.Debug|TwinCAT CE7 (ARMV7).Build.0 = Debug|TwinCAT CE7 (ARMV7)
		{C62BFD28-7BA2-41F8-87C7-C8E03F3AA955}.Debug|TwinCAT OS (ARMT2).ActiveCfg = Debug|TwinCAT OS (ARMT2)
		{C62BFD28-7BA2-41F8-87C7-C8E03F3AA955}.Debug|TwinCAT OS (ARMT2).Build.0 = Debug|TwinCAT OS (ARMT2)
		{C62BFD28-7BA2-41F8-87C7-C8E03F3AA955}.Debug|TwinCAT RT (x64).ActiveCfg = Debug|TwinCAT RT (x64)
		{C62BFD28-7BA2-41F8-87C7-C8E03F3AA955}.Debug|TwinCAT RT (x64).Build.0 = Debug|TwinCAT RT (x64)
		{C62BFD28-7BA2-41F8-87C7-C8E03F3AA955}.Debug|TwinCAT RT (x86).ActiveCfg = Debug|TwinCAT RT (x86)
		{C62BFD28-7BA2-41F8-87C7-C8E03F3AA955}.Debug|TwinCAT RT (x86).Build.0 = Debug|TwinCAT RT (x86)
		{C62BFD28-7BA2-41F8-87C7-C8E03F3AA955}.Release|TwinCAT CE7 (ARMV7).ActiveCfg = Release|TwinCAT CE7 (ARMV7)
		{C62BFD28-7BA2-41F8-87C7-C8E03F3AA955}.Release|TwinCAT CE7 (ARMV7).Build.0 = Release|TwinCAT CE7 (ARMV7)
		{C62BFD28-7BA2-41F8-87C7-C8E03F3AA955}.Release|TwinCAT OS (ARMT2).ActiveCfg = Release|TwinCAT OS (ARMT2)
		{C62BFD28-7BA2-41F8-87C7-C8E03F3AA955}.Release|TwinCAT OS (ARMT2).Build.0 = Release|TwinCAT OS (ARMT2)
		{C62BFD28-7BA2-41F8-87C7-C8E03F3AA955}.Release|TwinCAT RT (x64).ActiveCfg = Release|TwinCAT RT (x64)
		{C62BFD28-7BA2-41F8-87C7-C8E03F3AA955}.Release|TwinCAT RT (x64).Build.0 = Release|TwinCAT RT (x64)
		{C62BFD28-7BA2-41F8-87C7-C8E03F3AA955}.Release|TwinCAT RT (x86).ActiveCfg = Release|TwinCAT RT (x86)
		{C62BFD28-7BA2-41F8-87C7-C8E03F3AA955}.Release|TwinCAT RT (x86).Build.0 = Release|TwinCAT RT (x86)
		{30939C90-219B-4F97-84B0-3133DB93EA7A}.Debug|TwinCAT CE7 (ARMV7).ActiveCfg = Debug|TwinCAT CE7 (ARMV7)
		{30939C90-219B-4F97-84B0-3133DB93EA7A}.Debug|TwinCAT CE7 (ARMV7).Build.0 = Debug|TwinCAT CE7 (ARMV7)
		{30939C90-219B-4F97-84B0-3133DB93EA7A}.Debug|TwinCAT OS (ARMT2).ActiveCfg = Debug|TwinCAT OS (ARMT2)
		{30939C90-219B-4F97-84B0-3133DB93EA7A}.Debug|TwinCAT OS (ARMT2).Build.0 = Debug|TwinCAT OS (ARMT2)
		{30939C90-219B-4F97-84B0-3133DB93EA7A}.Debug|TwinCAT RT (x64).ActiveCfg = Debug|TwinCAT RT (x64)
		{30939C90-219B-4F97-84B0-3133DB93EA7A}.Debug|TwinCAT RT (x64).Build.0 = Debug|TwinCAT RT (x64)
		{30939C90-219B-4F97-84B0-3133DB93EA7A}.Debug|TwinCAT RT (x86).ActiveCfg = Debug|TwinCAT RT (x86)
		{30939C90-219B-4F97-84B0-3133DB93EA7A}.Debug|TwinCAT RT (x86).Build.0 = Debug|TwinCAT RT (x86)
		{30939C90-219B-4F97-84B0-3133DB93EA7A}.Release|TwinCAT CE7 (ARMV7).ActiveCfg = Release|TwinCAT CE7 (ARMV7)
		{30939C90-219B-4F97-84B0-3133DB93EA7A}.Release|TwinCAT CE7 (ARMV7).Build.0 = Release|TwinCAT CE7 (ARMV7)
		{30939C90-219B-4F97-84B0-3133DB93EA7A}.Release|TwinCAT OS (ARMT2).ActiveCfg = Release|TwinCAT OS (ARMT2)
		{30939C90-219B-4F97-84B0-3133DB93EA7A}.Release|TwinCAT OS (ARMT2).Build.0 = Release|TwinCAT OS (ARMT2)
		{30939C90-219B-4F97-84B0-3133DB93EA7A}.Release|TwinCAT RT (x64).ActiveCfg = Release|TwinCAT RT (x64)
		{30939C90-219B-4F97-84B0-3133DB93EA7A}.Release|TwinCAT RT (x64).Build.0 = Release|TwinCAT RT (x64)
		{30939C90-219B-4F97-84B0-3133DB93EA7A}.Release|TwinCAT RT (x86).ActiveCfg = Release|TwinCAT RT (x86)
		{30939C90-219B-4F97-84B0-3133DB93EA7A}.Release|TwinCAT RT (x86).Build.0 = Release|TwinCAT RT (x86)
		{ADD2957C-EC9C-49B6-8287-407C88ED67BC}.Debug|TwinCAT CE7 (ARMV7).ActiveCfg = Debug|TwinCAT CE7 (ARMV7)
		{ADD2957C-EC9C-49B6-8287-407C88ED67BC}.Debug|TwinCAT CE7 (ARMV7).Build.0 = Debug|TwinCAT CE7 (ARMV7)
		{ADD2957C-EC9C-49B6-8287-407C88ED67BC}.Debug|TwinCAT OS (ARMT2).ActiveCfg = Debug|TwinCAT OS (ARMT2)
		{ADD2957C-EC9C-49B6-8287-407C88ED67BC}.Debug|TwinCAT OS (ARMT2).Build.0 = Debug|TwinCAT OS (ARMT2)
		{ADD2957C-EC9C-49B6-8287-407C88ED67BC}.Debug|TwinCAT RT (x64).ActiveCfg = Debug|TwinCAT RT (x64)
		{ADD2957C-EC9C-49B6-8287-407C88ED67BC}.Debug|TwinCAT RT (x64).Build.0 = Debug|TwinCAT RT (x64)
		{ADD2957C-EC9C-49B6-8287-407C88ED67BC}.Debug|TwinCAT RT (x86).ActiveCfg = Debug|TwinCAT RT (x86)
		{ADD2957C-EC9C-49B6-8287-407C88ED67BC}.Debug|TwinCAT RT (x86).Build.0 = Debug|TwinCAT RT (x86)
		{ADD2957C-EC9C-49B6-8287-407C88ED67BC}.Release|TwinCAT CE7 (ARMV7).ActiveCfg = Release|TwinCAT CE7 (ARMV7)
		{ADD2957C-EC9C-49B6-8287-407C88ED67BC}.Release|TwinCAT CE7 (ARMV7).Build.0 = Release|TwinCAT CE7 (ARMV7)
		{ADD2957C-EC9C-49B6-8287-407C88ED67BC}.Release|TwinCAT OS (ARMT2).ActiveCfg = Release|TwinCAT OS (ARMT2)
		{ADD2957C-EC9C-49B6-8287-407C88ED67BC}.Release|TwinCAT OS (ARMT2).Build.0 = Release|TwinCAT OS (ARMT2)
		{ADD2957C-EC9C-49B6-8287-407C88ED67BC}.Release|TwinCAT RT (x64).ActiveCfg = Release|TwinCAT RT (x64)
		{ADD2957C-EC9C-49B6-8287-407C88ED67BC}.Release|TwinCAT RT (x64).Build.0 = Release|TwinCAT RT (x64)
		{ADD2957C-EC9C-49B6-8287-407C88ED67BC}.Release|TwinCAT RT (x86).ActiveCfg = Release|TwinCAT RT (x86)
		{ADD2957C-EC9C-49B6-8287-407C88ED67BC}.Release|TwinCAT RT (x86).Build.0 = Release|TwinCAT RT (x86)
		{31B1131D-1A3B-4B07-AFB8-F77991658BA2}.Debug|TwinCAT CE7 (ARMV7).ActiveCfg = Debug|TwinCAT CE7 (ARMV7)
		{31B1131D-1A3B-4B07-AFB8-F77991658BA2}.Debug|TwinCAT CE7 (ARMV7).Build.0 = Debug|TwinCAT CE7 (ARMV7)
		{31B1131D-1A3B-4B07-AFB8-F77991658BA2}.Debug|TwinCAT OS (ARMT2).ActiveCfg = Debug|TwinCAT OS (ARMT2)
		{31B1131D-1A3B-4B07-AFB8-F77991658BA2}.Debug|TwinCAT OS (ARMT2).Build.0 = Debug|TwinCAT OS (ARMT2)
		{31B1131D-1A3B-4B07-AFB8-F77991658BA2}.Debug|TwinCAT RT (x64).ActiveCfg = Debug|TwinCAT RT (x64)
		{31B1131D-1A3B-4B07-AFB8-F77991658BA2}.Debug|TwinCAT RT (x64).Build.0 = Debug|TwinCAT RT (x64)
		{31B1131D-1A3B-4B07-AFB8-F77991658BA2}.Debug|TwinCAT RT (x86).ActiveCfg = Debug|TwinCAT RT (x86)
		{31B1131D-1A3B-4B07-AFB8-F77991658BA2}.Debug|TwinCAT RT (x86).Build.0 = Debug|TwinCAT RT (x86)
		{31B1131D-1A3B-4B07-AFB8-F77991658BA2}.Release|TwinCAT CE7 (ARMV7).ActiveCfg = Release|TwinCAT CE7 (ARMV7)
		{31B1131D-1A3B-4B07-AFB8-F77991658BA2}.Release|TwinCAT CE7 (ARMV7).Build.0 = Release|TwinCAT CE7 (ARMV7)
		{31B1131D-1A3B-4B07-AFB8-F77991658BA2}.Release|TwinCAT OS (ARMT2).ActiveCfg = Release|TwinCAT OS (ARMT2)
		{31B1131D-1A3B-4B07-AFB8-F77991658BA2}.Release|TwinCAT OS (ARMT2).Build.0 = Release|TwinCAT OS (ARMT2)
		{31B1131D-1A3B-4B07-AFB8-F77991658BA2}.Release|TwinCAT RT (x64).ActiveCfg = Release|TwinCAT RT (x64)
		{31B1131D-1A3B-4B07-AFB8-F77991658BA2}.Release|TwinCAT RT (x64).Build.0 = Release|TwinCAT RT (x64)
		{31B1131D-1A3B-4B07-AFB8-F77991658BA2}.Release|TwinCAT RT (x86).ActiveCfg = Release|TwinCAT RT (x86)
		{31B1131D-1A3B-4B07-AFB8-F77991658BA2}.Release|TwinCAT RT (x86).Build.0 = Release|TwinCAT RT (x86)
		{544F3CA3-CA4B-48B8-A2E0-7E756A0EFC55}.Debug|TwinCAT CE7 (ARMV7).ActiveCfg = Debug|TwinCAT CE7 (ARMV7)
		{544F3CA3-CA4B-48B8-A2E0-7E756A0EFC55}.Debug|TwinCAT CE7 (ARMV7).Build.0 = Debug|TwinCAT CE7 (ARMV7)
		{544F3CA3-CA4B-48B8-A2E0-7E756A0EFC55}.Debug|TwinCAT OS (ARMT2).ActiveCfg = Debug|TwinCAT OS (ARMT2)
		{544F3CA3-CA4B-48B8-A2E0-7E756A0EFC55}.Debug|TwinCAT OS (ARMT2).Build.0 = Debug|TwinCAT OS (ARMT2)
		{544F3CA3-CA4B-48B8-A2E0-7E756A0EFC55}.Debug|TwinCAT RT (x64).ActiveCfg = Debug|TwinCAT RT (x64)
		{544F3CA3-CA4B-48B8-A2E0-7E756A0EFC55}.Debug|TwinCAT RT (x64).Build.0 = Debug|TwinCAT RT (x64)
		{544F3CA3-CA4B-48B8-A2E0-7E756A0EFC55}.Debug|TwinCAT RT (x86).ActiveCfg = Debug|TwinCAT RT (x86)
		{544F3CA3-CA4B-48B8-A2E0-7E756A0EFC55}.Debug|TwinCAT RT (x86).Build.0 = Debug|TwinCAT RT (x86)
		{544F3CA3-CA4B-48B8-A2E0-7E756A0EFC55}.Release|TwinCAT CE7 (ARMV7).ActiveCfg = Release|TwinCAT CE7 (ARMV7)
		{544F3CA3-CA4B-48B8-A2E0-7E756A0EFC55}.Release|TwinCAT CE7 (ARMV7).Build.0 = Release|TwinCAT CE7 (ARMV7)
		{544F3CA3-CA4B-48B8-A2E0-7E756A0EFC55}.Release|TwinCAT OS (ARMT2).ActiveCfg = Release|TwinCAT OS (ARMT2)
		{544F3CA3-CA4B-48B8-A2E0-7E756A0EFC55}.Release|TwinCAT OS (ARMT2).Build.0 = Release|TwinCAT OS (ARMT2)
		{544F3CA3-CA4B-48B8-A2E0-7E756A0EFC55}.Release|TwinCAT RT (x64).ActiveCfg = Release|TwinCAT RT (x64)
		{544F3CA3-CA4B-48B8-A2E0-7E756A0EFC55}.Release|TwinCAT RT (x64).Build.0 = Release|TwinCAT RT (x64)
		{544F3CA3-CA4B-48B8-A2E0-7E756A0EFC55}.Release|TwinCAT RT (x86).ActiveCfg = Release|TwinCAT RT (x86)
		{544F3CA3-CA4B-48B8-A2E0-7E756A0EFC55}.Release|TwinCAT RT (x86).Build.0 = Release|TwinCAT RT (x86)
		{7AC3CC47-B216-4113-BD9E-9E280C0731BD}.Debug|TwinCAT CE7 (ARMV7).ActiveCfg = Debug|TwinCAT CE7 (ARMV7)
		{7AC3CC47-B216-4113-BD9E-9E280C0731BD}.Debug|TwinCAT CE7 (ARMV7).Build.0 = Debug|TwinCAT CE7 (ARMV7)
		{7AC3CC47-B216-4113-BD9E-9E280C0731BD}.Debug|TwinCAT OS (ARMT2).ActiveCfg = Debug|TwinCAT OS (ARMT2)
		{7AC3CC47-B216-4113-BD9E-9E280C0731BD}.Debug|TwinCAT OS (ARMT2).Build.0 = Debug|TwinCAT OS (ARMT2)
		{7AC3CC47-B216-4113-BD9E-9E280C0731BD}.Debug|TwinCAT RT (x64).ActiveCfg = Debug|TwinCAT RT (x64)
		{7AC3CC47-B216-4113-BD9E-9E280C0731BD}.Debug|TwinCAT RT (x64).Build.0 = Debug|TwinCAT RT (x64)
		{7AC3CC47-B216-4113-BD9E-9E280C0731BD}.Debug|TwinCAT RT (x86).ActiveCfg = Debug|TwinCAT RT (x86)
		{7AC3CC47-B216-4113-BD9E-9E280C0731BD}.Debug|TwinCAT RT (x86).Build.0 = Debug|TwinCAT RT (x86)
		{7AC3CC47-B216-4113-BD9E-9E280C0731BD}.Release|TwinCAT CE7 (ARMV7).ActiveCfg = Release|TwinCAT CE7 (ARMV7)
		{7AC3CC47-B216-4113-BD9E-9E280C0731BD}.Release|TwinCAT CE7 (ARMV7).Build.0 = Release|TwinCAT CE7 (ARMV7)
		{7AC3CC47-B216-4113-BD9E-9E280C0731BD}.Release|TwinCAT OS (ARMT2).ActiveCfg = Release|TwinCAT OS (ARMT2)
		{7AC3CC47-B216-4113-BD9E-9E280C0731BD}.Release|TwinCAT OS (ARMT2).Build.0 = Release|TwinCAT OS (ARMT2)
		{7AC3CC47-B216-4113-BD9E-9E280C0731BD}.Release|TwinCAT RT (x64).ActiveCfg = Release|TwinCAT RT (x64)
		{7AC3CC47-B216-4113-BD9E-9E280C0731BD}.Release|TwinCAT RT (x64).Build.0 = Release|TwinCAT RT (x64)
		{7AC3CC47-B216-4113-BD9E-9E280C0731BD}.Release|TwinCAT RT (x86).ActiveCfg = Release|TwinCAT RT (x86)
		{7AC3CC47-B216-4113-BD9E-9E280C0731BD}.Release|TwinCAT RT (x86).Build.0 = Release|TwinCAT RT (x86)
		{3250860A-DBB1-48C0-B34C-498E20AF6860}.Debug|TwinCAT CE7 (ARMV7).ActiveCfg = Debug|TwinCAT CE7 (ARMV7)
		{3250860A-DBB1-48C0-B34C-498E20AF6860}.Debug|TwinCAT CE7 (ARMV7).Build.0 = Debug|TwinCAT CE7 (ARMV7)
		{3250860A-DBB1-48C0-B34C-498E20AF6860}.Debug|TwinCAT OS (ARMT2).ActiveCfg = Debug|TwinCAT OS (ARMT2)
		{3250860A-DBB1-48C0-B34C-498E20AF6860}.Debug|TwinCAT OS (ARMT2).Build.0 = Debug|TwinCAT OS (ARMT2)
		{3250860A-DBB1-48C0-B34C-498E20AF6860}.Debug|TwinCAT RT (x64).ActiveCfg = Debug|TwinCAT RT (x64)
		{3250860A-DBB1-48C0-B34C-498E20AF6860}.Debug|TwinCAT RT (x64).Build.0 = Debug|TwinCAT RT (x64)
		{3250860A-DBB1-48C0-B34C-498E20AF6860}.Debug|TwinCAT RT (x86).ActiveCfg = Debug|TwinCAT RT (x86)
		{3250860A-DBB1-48C0-B34C-498E20AF6860}.Debug|TwinCAT RT (x86).Build.0 = Debug|TwinCAT RT (x86)
		{3250860A-DBB1-48C0-B34C-498E20AF6860}.Release|TwinCAT CE7 (ARMV7).ActiveCfg = Release|TwinCAT CE7 (ARMV7)
		{3250860A-DBB1-48C0-B34C-498E20AF6860}.Release|TwinCAT CE7 (ARMV7).Build.0 = Release|TwinCAT CE7 (ARMV7)
		{3250860A-DBB1-48C0-B34C-498E20AF6860}.Release|TwinCAT OS (ARMT2).ActiveCfg = Release|TwinCAT OS (ARMT2)
		{3250860A-DBB1-48C0-B34C-498E20AF6860}.Release|TwinCAT OS (ARMT2).Build.0 = Release|TwinCAT OS (ARMT2)
		{3250860A-DBB1-48C0-B34C-498E20AF6860}.Release|TwinCAT RT (x64).ActiveCfg = Release|TwinCAT RT (x64)
		{3250860A-DBB1-48C0-B34C-498E20AF6860}.Release|TwinCAT RT (x64).Build.0 = Release|TwinCAT RT (x64)
		{3250860A-DBB1-48C0-B34C-498E20AF6860}.Release|TwinCAT RT (x86).ActiveCfg = Release|TwinCAT RT (x86)
		{3250860A-DBB1-48C0-B34C-498E20AF6860}.Release|TwinCAT RT (x86).Build.0 = Release|TwinCAT RT (x86)
		{F9B5D328-72EC-4E38-B72E-785DD03F8709}.Debug|TwinCAT CE7 (ARMV7).ActiveCfg = Debug|TwinCAT CE7 (ARMV7)
		{F9B5D328-72EC-4E38-B72E-785DD03F8709}.Debug|TwinCAT CE7 (ARMV7).Build.0 = Debug|TwinCAT CE7 (ARMV7)
		{F9B5D328-72EC-4E38-B72E-785DD03F8709}.Debug|TwinCAT OS (ARMT2).ActiveCfg = Debug|TwinCAT OS (ARMT2)
		{F9B5D328-72EC-4E38-B72E-785DD03F8709}.Debug|TwinCAT OS (ARMT2).Build.0 = Debug|TwinCAT OS (ARMT2)
		{F9B5D328-72EC-4E38-B72E-785DD03F8709}.Debug|TwinCAT RT (x64).ActiveCfg = Debug|TwinCAT RT (x64)
		{F9B5D328-72EC-4E38-B72E-785DD03F8709}.Debug|TwinCAT RT (x64).Build.0 = Debug|TwinCAT RT (x64)
		{F9B5D328-72EC-4E38-B72E-785DD03F8709}.Debug|TwinCAT RT (x86).ActiveCfg = Debug|TwinCAT RT (x86)
		{F9B5D328-72EC-4E38-B72E-785DD03F8709}.Debug|TwinCAT RT (x86).Build.0 = Debug|TwinCAT RT (x86)
		{F9B5D328-72EC-4E38-B72E-785DD03F8709}.Release|TwinCAT CE7 (ARMV7).ActiveCfg = Release|TwinCAT CE7 (ARMV7)
		{F9B5D328-72EC-4E38-B72E-785DD03F8709}.Release|TwinCAT CE7 (ARMV7).Build.0 = Release|TwinCAT CE7 (ARMV7)
		{F9B5D328-72EC-4E38-B72E-785DD03F8709}.Release|TwinCAT OS (ARMT2).ActiveCfg = Release|TwinCAT OS (ARMT2)
		{F9B5D328-72EC-4E38-B72E-785DD03F8709}.Release|TwinCAT OS (ARMT2).Build.0 = Release|TwinCAT OS (ARMT2)
		{F9B5D328-72EC-4E38-B72E-785DD03F8709}.Release|TwinCAT RT (x64).ActiveCfg = Release|TwinCAT RT (x64)
		{F9B5D328-72EC-4E38-B72E-785DD03F8709}.Release|TwinCAT RT (x64).Build.0 = Release|TwinCAT RT (x64)
		{F9B5D328-72EC-4E38-B72E-785DD03F8709}.Release|TwinCAT RT (x86).ActiveCfg = Release|TwinCAT RT (x86)
		{F9B5D328-72EC-4E38-B72E-785DD03F8709}.Release|TwinCAT RT (x86).Build.0 = Release|TwinCAT RT (x86)
	EndGlobalSection
	GlobalSection(SolutionProperties) = preSolution
		HideSolutionNode = FALSE
	EndGlobalSection
	GlobalSection(ExtensibilityGlobals) = postSolution
		SolutionGuid = {6E1C6F97-D60B-48C1-8D86-808E07181677}
	EndGlobalSection
EndGlobal
